Resolved 192 packages in 1ms
# This file was autogenerated by uv via the following command:
#    uv export --no-hashes --no-emit-project
adafruit-blinka==9.1.0
    # via
    #   adafruit-circuitpython-bh1750
    #   adafruit-circuitpython-bme280
    #   adafruit-circuitpython-bmp280
    #   adafruit-circuitpython-busdevice
    #   adafruit-circuitpython-connectionmanager
    #   adafruit-circuitpython-ina219
    #   adafruit-circuitpython-register
    #   adafruit-circuitpython-requests
    #   adafruit-circuitpython-typing
adafruit-circuitpython-bh1750==1.1.19
    # via plc-twin
adafruit-circuitpython-bme280==2.6.32
    # via plc-twin
adafruit-circuitpython-bmp280==3.3.12
    # via plc-twin
adafruit-circuitpython-busdevice==5.2.17
    # via
    #   adafruit-circuitpython-bh1750
    #   adafruit-circuitpython-bme280
    #   adafruit-circuitpython-bmp280
    #   adafruit-circuitpython-ina219
    #   adafruit-circuitpython-register
    #   adafruit-circuitpython-typing
adafruit-circuitpython-connectionmanager==3.1.8
    # via adafruit-circuitpython-requests
adafruit-circuitpython-ina219==3.5.2
    # via plc-twin
adafruit-circuitpython-register==1.11.3
    # via
    #   adafruit-circuitpython-bh1750
    #   adafruit-circuitpython-bmp280
    #   adafruit-circuitpython-ina219
adafruit-circuitpython-requests==4.1.17
    # via adafruit-circuitpython-typing
adafruit-circuitpython-typing==1.12.3
    # via
    #   adafruit-blinka
    #   adafruit-circuitpython-busdevice
    #   adafruit-circuitpython-register
adafruit-platformdetect==3.88.0
    # via adafruit-blinka
adafruit-pureio==1.1.11
    # via adafruit-blinka
amqp==5.3.1
    # via kombu
aniso8601==10.0.1
    # via flask-restful
annotated-types==0.7.0
    # via pydantic
anyio==4.13.0
    # via httpx
apispec==6.8.2
    # via
    #   apispec-webframeworks
    #   taipy-rest
apispec-webframeworks==1.2.0
    # via taipy-rest
apscheduler==3.11.2
    # via plc-twin
arrow==1.4.0
    # via cookiecutter
async-timeout==5.0.1 ; python_full_version < '3.11.3'
    # via redis
attrs==26.1.0
    # via twisted
automat==25.4.16
    # via twisted
bidict==0.23.1
    # via python-socketio
billiard==4.2.4
    # via celery
binaryornot==0.6.0
    # via cookiecutter
binho-host-adapter==0.1.6
    # via adafruit-blinka
blinker==1.9.0
    # via flask
boto3==1.34.113
    # via taipy-core
botocore==1.34.162
    # via
    #   boto3
    #   s3transfer
cbor2==6.0.1
    # via luma-core
celery==5.6.3
    # via plc-twin
certifi==2026.4.22
    # via
    #   httpcore
    #   httpx
    #   requests
cffi==2.0.0 ; platform_python_implementation != 'PyPy'
    # via
    #   cryptography
    #   gevent
charset-normalizer==3.3.2
    # via
    #   requests
    #   taipy-gui
click==8.3.3
    # via
    #   celery
    #   click-didyoumean
    #   click-plugins
    #   click-repl
    #   cookiecutter
    #   flask
click-didyoumean==0.3.1
    # via celery
click-plugins==1.1.1.2
    # via celery
click-repl==0.3.0
    # via celery
colorama==0.4.6 ; sys_platform == 'win32'
    # via
    #   click
    #   pytest
constantly==23.10.4
    # via twisted
cookiecutter==2.6.0
    # via taipy
coverage==7.13.5
    # via pytest-cov
cryptography==46.0.7
    # via hiero-sdk-python
cytoolz==1.1.0 ; implementation_name == 'cpython'
    # via eth-utils
deepdiff==7.0.1
    # via taipy-common
dnspython==2.8.0
    # via pymongo
et-xmlfile==2.0.0
    # via openpyxl
eth-abi==5.2.0
    # via hiero-sdk-python
eth-hash==0.8.0
    # via eth-utils
eth-typing==6.0.0
    # via
    #   eth-abi
    #   eth-utils
eth-utils==6.0.0
    # via eth-abi
flask==3.1.1
    # via
    #   flask-cors
    #   flask-restful
    #   flask-socketio
    #   taipy-gui
    #   taipy-rest
flask-cors==5.0.1
    # via taipy-gui
flask-restful==0.3.10
    # via taipy-rest
flask-socketio==5.4.1
    # via taipy-gui
gevent==24.11.1
    # via
    #   gevent-websocket
    #   taipy-gui
gevent-websocket==0.10.1
    # via taipy-gui
gitignore-parser==0.1.11
    # via taipy-gui
greenlet==3.5.0 ; platform_machine == 'AMD64' or platform_machine == 'WIN32' or platform_machine == 'aarch64' or platform_machine == 'amd64' or platform_machine == 'ppc64le' or platform_machine == 'win32' or platform_machine == 'x86_64' or platform_python_implementation == 'CPython'
    # via
    #   gevent
    #   sqlalchemy
grpcio==1.80.0
    # via hiero-sdk-python
h11==0.16.0
    # via
    #   httpcore
    #   wsproto
hiero-sdk-python==0.2.5
    # via plc-twin
httpcore==1.0.9
    # via httpx
httpx==0.28.1
    # via
    #   plc-twin
    #   respx
hyperlink==21.0.0
    # via twisted
idna==3.13
    # via
    #   anyio
    #   httpx
    #   hyperlink
    #   requests
incremental==24.11.0
    # via twisted
iniconfig==2.3.0
    # via pytest
itsdangerous==2.2.0
    # via flask
jinja2==3.1.6
    # via
    #   cookiecutter
    #   flask
jmespath==1.1.0
    # via
    #   boto3
    #   botocore
joblib==1.5.3
    # via
    #   plc-twin
    #   scikit-learn
kombu==5.6.2
    # via celery
kthread==0.2.3
    # via taipy-gui
lgpio==0.2.2.0
    # via rpi-lgpio
luma-core==2.5.3
    # via luma-oled
luma-oled==3.15.0
    # via plc-twin
markdown==3.6
    # via taipy-gui
markdown-it-py==4.0.0
    # via rich
markupsafe==3.0.3
    # via
    #   flask
    #   jinja2
    #   werkzeug
marshmallow==3.21.2
    # via taipy-rest
mdurl==0.1.2
    # via markdown-it-py
narwhals==2.20.0
    # via plotly
networkx==3.3
    # via taipy-core
numpy==2.4.4
    # via
    #   pandas
    #   plc-twin
    #   scikit-learn
    #   scipy
openpyxl==3.1.2
    # via taipy-core
ordered-set==4.1.0
    # via deepdiff
packaging==26.2
    # via
    #   apispec
    #   incremental
    #   kombu
    #   marshmallow
    #   plotly
    #   pytest
pandas==2.3.3
    # via
    #   plc-twin
    #   taipy-core
    #   taipy-gui
parsimonious==0.10.0
    # via eth-abi
passlib==1.7.4
    # via taipy-rest
pillow==12.2.0
    # via luma-core
plotly==6.7.0
    # via plc-twin
pluggy==1.6.0
    # via
    #   pytest
    #   pytest-cov
prompt-toolkit==3.0.52
    # via click-repl
protobuf==7.34.1
    # via hiero-sdk-python
pyarrow==18.1.0
    # via taipy-core
pycparser==3.0 ; implementation_name != 'PyPy' and platform_python_implementation != 'PyPy'
    # via cffi
pycryptodome==3.23.0
    # via hiero-sdk-python
pydantic==2.13.3
    # via
    #   eth-utils
    #   plc-twin
pydantic-core==2.46.3
    # via pydantic
pyftdi==0.57.1
    # via adafruit-blinka
pygments==2.20.0
    # via
    #   pytest
    #   rich
pymongo==4.7.2
    # via taipy-core
pyserial==3.5
    # via
    #   binho-host-adapter
    #   pyftdi
pytest==9.0.3
    # via pytest-cov
pytest-cov==7.1.0
python-dateutil==2.9.0.post0
    # via
    #   arrow
    #   botocore
    #   celery
    #   pandas
python-dotenv==1.2.2
    # via
    #   hiero-sdk-python
    #   plc-twin
    #   taipy-gui
python-engineio==4.13.1
    # via python-socketio
python-slugify==8.0.4
    # via cookiecutter
python-socketio==5.16.1
    # via flask-socketio
pytz==2024.1
    # via
    #   flask-restful
    #   pandas
    #   taipy-gui
pyusb==1.3.1
    # via pyftdi
pyyaml==6.0.3
    # via
    #   apispec
    #   cookiecutter
    #   plc-twin
redis==6.4.0
    # via
    #   kombu
    #   plc-twin
regex==2026.4.4
    # via parsimonious
requests==2.33.1
    # via
    #   cookiecutter
    #   hiero-sdk-python
respx==0.23.1
rich==15.0.0
    # via cookiecutter
rpi-lgpio==0.6
    # via plc-twin
ruff==0.6.9
s3transfer==0.10.4
    # via boto3
scikit-learn==1.8.0
    # via plc-twin
scipy==1.17.1
    # via scikit-learn
simple-websocket==1.0.0
    # via
    #   python-engineio
    #   taipy-gui
six==1.17.0
    # via
    #   flask-restful
    #   python-dateutil
smbus2==0.6.1
    # via luma-core
sqlalchemy==2.0.30
    # via taipy-core
sysv-ipc==1.2.0 ; platform_machine != 'mips' and sys_platform == 'linux'
    # via adafruit-blinka
taipy==4.1.1
    # via plc-twin
taipy-common==4.1.1
    # via
    #   taipy-core
    #   taipy-gui
taipy-core==4.1.1
    # via taipy-rest
taipy-gui==4.1.2
    # via taipy
taipy-rest==4.1.1
    # via taipy
taipy-templates==4.1.1
    # via taipy
text-unidecode==1.3
    # via python-slugify
threadpoolctl==3.6.0
    # via scikit-learn
toml==0.10.2
    # via
    #   taipy-common
    #   taipy-core
tomli==2.4.1 ; python_full_version <= '3.11'
    # via coverage
toolz==1.1.0 ; implementation_name == 'cpython' or implementation_name == 'pypy'
    # via
    #   cytoolz
    #   eth-utils
troykahat==1.0.0
    # via plc-twin
twisted==24.7.0
    # via taipy-gui
typing-extensions==4.15.0
    # via
    #   adafruit-circuitpython-register
    #   adafruit-circuitpython-typing
    #   anyio
    #   eth-typing
    #   grpcio
    #   pydantic
    #   pydantic-core
    #   sqlalchemy
    #   twisted
    #   typing-inspection
typing-inspection==0.4.2
    # via pydantic
tzdata==2026.2
    # via
    #   arrow
    #   kombu
    #   pandas
    #   tzlocal
tzlocal==5.2
    # via
    #   apscheduler
    #   celery
    #   taipy-gui
urllib3==2.6.3
    # via
    #   botocore
    #   requests
vine==5.1.0
    # via
    #   amqp
    #   celery
    #   kombu
watchdog==4.0.1
    # via taipy-gui
wcwidth==0.6.0
    # via prompt-toolkit
werkzeug==3.1.8
    # via
    #   flask
    #   flask-cors
wiringpi==2.60.1
    # via troykahat
wsproto==1.3.2
    # via simple-websocket
zope-event==6.2
    # via gevent
zope-interface==8.4
    # via
    #   gevent
    #   twisted
